# THIS IS AN AUTOGENERATED FILE. DO NOT EDIT THIS FILE DIRECTLY.
# yarn lockfile v1


"actiontext@https://github.com/rails/actiontext":
  version "0.1.0"
  resolved "https://github.com/rails/actiontext#18974137be2c4027dfcf430668edd712e7ec011b"
  dependencies:
    activestorage ">=5.2.0"
    trix ">=1.0.0"

activestorage@>=5.2.0:
  version "5.2.1"
  resolved "https://registry.yarnpkg.com/activestorage/-/activestorage-5.2.1.tgz#b4be57fbedc25c6c361802707fc5e8884766f6a1"
  integrity sha512-n3LcwiC3EV5zkVAvay5yprXTBb8vzT2Qef1GCfC8feJTVWEadzNW9zYaOweDpshqzJHx+zdaps6uiHDJQbdCdA==
  dependencies:
    spark-md5 "^3.0.0"

spark-md5@^3.0.0:
  version "3.0.0"
  resolved "https://registry.yarnpkg.com/spark-md5/-/spark-md5-3.0.0.tgz#3722227c54e2faf24b1dc6d933cc144e6f71bfef"
  integrity sha1-NyIifFTi+vJLHcbZM8wUTm9xv+8=

trix@>=1.0.0:
  version "1.0.0"
  resolved "https://registry.yarnpkg.com/trix/-/trix-1.0.0.tgz#e9cc98cf6030c908f8d54e317b5b072f927b0c6b"
  integrity sha512-feli9QVXe6gzZOCUfpPGpNDURW9jMciIRVQ5gkDudOctcA1oMtI5K/qEbsL2rFCoGl1rSoeRt+HPhIFGyQscKg==
